
Microsoft Visual Studio Solution File, Format Version 12.00
# Visual Studio Version 16
VisualStudioVersion = 16.0.31624.102
MinimumVisualStudioVersion = 10.0.40219.1
Project("{FAE04EC0-301F-11D3-BF4B-00C04F79EFBC}") = "TicTakToe", "TicTakToeGame\TicTakToe.csproj", "{227A407F-F64F-413F-9835-FC681B20E75D}"
EndProject
Global
	GlobalSection(SolutionConfigurationPlatforms) = preSolution
		Debug|Any CPU = Debug|Any CPU
		Release|Any CPU = Release|Any CPU
	EndGlobalSection
	GlobalSection(ProjectConfigurationPlatforms) = postSolution
		{227A407F-F64F-413F-9835-FC681B20E75D}.Debug|Any CPU.ActiveCfg = Debug|Any CPU
		{227A407F-F64F-413F-9835-FC681B20E75D}.Debug|Any CPU.Build.0 = Debug|Any CPU
		{227A407F-F64F-413F-9835-FC681B20E75D}.Release|Any CPU.ActiveCfg = Release|Any CPU
		{227A407F-F64F-413F-9835-FC681B20E75D}.Release|Any CPU.Build.0 = Release|Any CPU
	EndGlobalSection
	GlobalSection(SolutionProperties) = preSolution
		HideSolutionNode = FALSE
	EndGlobalSection
	GlobalSection(ExtensibilityGlobals) = postSolution
		SolutionGuid = {287B434D-D325-4FB8-AEAE-D374B7E5C6B8}
	EndGlobalSection
EndGlobal
